<?xml version="1.0" encoding="utf-8"?>
<Project ToolsVersion="4.0" xmlns="http://schemas.microsoft.com/developer/msbuild/2003">
  <ItemGroup>
    <Filter Include="Source Files">
      <UniqueIdentifier>{4FC737F1-C7A5-4376-A066-2A32D752A2FF}</UniqueIdentifier>
      <Extensions>cpp;c;cc;cxx;c++;cppm;ixx;def;odl;idl;hpj;bat;asm;asmx</Extensions>
    </Filter>
    <Filter Include="Header Files">
      <UniqueIdentifier>{93995380-89BD-4b04-88EB-625FBE52EBFB}</UniqueIdentifier>
      <Extensions>h;hh;hpp;hxx;h++;hm;inl;inc;ipp;xsd</Extensions>
    </Filter>
    <Filter Include="Resource Files">
      <UniqueIdentifier>{67DA6AB6-F800-4c08-8B7A-83BB121AAD01}</UniqueIdentifier>
      <Extensions>rc;ico;cur;bmp;dlg;rc2;rct;bin;rgs;gif;jpg;jpeg;jpe;resx;tiff;tif;png;wav;mfcribbon-ms</Extensions>
    </Filter>
    <Filter Include="Source Files\global">
      <UniqueIdentifier>{c7d22fc7-a7f4-4add-af77-c750c7837978}</UniqueIdentifier>
    </Filter>
    <Filter Include="Source Files\args">
      <UniqueIdentifier>{046dfd44-14ec-4710-a44f-ca2f870869c5}</UniqueIdentifier>
    </Filter>
    <Filter Include="Source Files\fileHandling">
      <UniqueIdentifier>{7ee1aaa7-8938-41a5-acc7-96d18c03eafc}</UniqueIdentifier>
    </Filter>
    <Filter Include="Source Files\cryption">
      <UniqueIdentifier>{e51bf6b6-c753-4fe4-aea9-21349cfff67e}</UniqueIdentifier>
    </Filter>
  </ItemGroup>
  <ItemGroup>
    <ClInclude Include="argHeader.h">
      <Filter>Header Files</Filter>
    </ClInclude>
    <ClInclude Include="cryption.h">
      <Filter>Header Files</Filter>
    </ClInclude>
    <ClInclude Include="exitFailure.h">
      <Filter>Header Files</Filter>
    </ClInclude>
    <ClInclude Include="findCwd.h">
      <Filter>Header Files</Filter>
    </ClInclude>
    <ClInclude Include="findFromArray.h">
      <Filter>Header Files</Filter>
    </ClInclude>
    <ClInclude Include="getVersion.h">
      <Filter>Header Files</Filter>
    </ClInclude>
    <ClInclude Include="help.h">
      <Filter>Header Files</Filter>
    </ClInclude>
    <ClInclude Include="readFile.h">
      <Filter>Header Files</Filter>
    </ClInclude>
    <ClInclude Include="writeFile.h">
      <Filter>Header Files</Filter>
    </ClInclude>
    <ClInclude Include="deviceId.h">
      <Filter>Header Files</Filter>
    </ClInclude>
    <ClInclude Include="resource.h">
      <Filter>Header Files</Filter>
    </ClInclude>
    <ClInclude Include="resource1.h">
      <Filter>Header Files</Filter>
    </ClInclude>
    <ClInclude Include="zips.h">
      <Filter>Header Files</Filter>
    </ClInclude>
  </ItemGroup>
  <ItemGroup>
    <ClCompile Include="main.cpp">
      <Filter>Source Files</Filter>
    </ClCompile>
    <ClCompile Include="shorthelp.cpp">
      <Filter>Source Files\global</Filter>
    </ClCompile>
    <ClCompile Include="longHelp.cpp">
      <Filter>Source Files\global</Filter>
    </ClCompile>
    <ClCompile Include="handleArgs.cpp">
      <Filter>Source Files\args</Filter>
    </ClCompile>
    <ClCompile Include="findCwd.cpp">
      <Filter>Source Files\fileHandling</Filter>
    </ClCompile>
    <ClCompile Include="readFile.cpp">
      <Filter>Source Files\fileHandling</Filter>
    </ClCompile>
    <ClCompile Include="writeFile.cpp">
      <Filter>Source Files\fileHandling</Filter>
    </ClCompile>
    <ClCompile Include="exitfailure.cpp">
      <Filter>Source Files\global</Filter>
    </ClCompile>
    <ClCompile Include="findFromArray.cpp">
      <Filter>Source Files\global</Filter>
    </ClCompile>
    <ClCompile Include="getVersion.cpp">
      <Filter>Source Files\global</Filter>
    </ClCompile>
    <ClCompile Include="crypt.cpp">
      <Filter>Source Files\cryption</Filter>
    </ClCompile>
    <ClCompile Include="decrypt.cpp">
      <Filter>Source Files\cryption</Filter>
    </ClCompile>
    <ClCompile Include="cypherAmount.cpp">
      <Filter>Source Files\cryption</Filter>
    </ClCompile>
    <ClCompile Include="deviceId.cpp">
      <Filter>Source Files\cryption</Filter>
    </ClCompile>
    <ClCompile Include="zips.cpp">
      <Filter>Source Files\fileHandling</Filter>
    </ClCompile>
  </ItemGroup>
  <ItemGroup>
    <ResourceCompile Include="Resource.rc">
      <Filter>Resource Files</Filter>
    </ResourceCompile>
  </ItemGroup>
</Project>